
Microsoft Visual Studio Solution File, Format Version 12.00
# Visual Studio Version 17
VisualStudioVersion = 17.14.36127.28
MinimumVisualStudioVersion = 10.0.40219.1
Project("{FAE04EC0-301F-11D3-BF4B-00C04F79EFBC}") = "StudentApi", "StudentApi.csproj", "{C28AB09E-8A0D-402C-81DF-F010C8C3B2B8}"
EndProject
Project("{FAE04EC0-301F-11D3-BF4B-00C04F79EFBC}") = "StudentAPIBusinessLayer", "..\StudentAPIBusinessLayer\StudentAPIBusinessLayer.csproj", "{B40F18B0-D15E-41AC-9490-D2CA21E10E3D}"
EndProject
Project("{FAE04EC0-301F-11D3-BF4B-00C04F79EFBC}") = "StudentDataAccessLayer", "..\StudentDataAccessLayer\StudentDataAccessLayer.csproj", "{D388FE12-7CF3-407F-9359-97EAE5FA8127}"
EndProject
Project("{FAE04EC0-301F-11D3-BF4B-00C04F79EFBC}") = "StudentModels", "..\StudentModels\StudentModels.csproj", "{A95E67B0-D0C8-447C-B41D-766F6508C4EE}"
EndProject
Global
	GlobalSection(SolutionConfigurationPlatforms) = preSolution
		Debug|Any CPU = Debug|Any CPU
		Release|Any CPU = Release|Any CPU
	EndGlobalSection
	GlobalSection(ProjectConfigurationPlatforms) = postSolution
		{C28AB09E-8A0D-402C-81DF-F010C8C3B2B8}.Debug|Any CPU.ActiveCfg = Debug|Any CPU
		{C28AB09E-8A0D-402C-81DF-F010C8C3B2B8}.Debug|Any CPU.Build.0 = Debug|Any CPU
		{C28AB09E-8A0D-402C-81DF-F010C8C3B2B8}.Release|Any CPU.ActiveCfg = Release|Any CPU
		{C28AB09E-8A0D-402C-81DF-F010C8C3B2B8}.Release|Any CPU.Build.0 = Release|Any CPU
		{B40F18B0-D15E-41AC-9490-D2CA21E10E3D}.Debug|Any CPU.ActiveCfg = Debug|Any CPU
		{B40F18B0-D15E-41AC-9490-D2CA21E10E3D}.Debug|Any CPU.Build.0 = Debug|Any CPU
		{B40F18B0-D15E-41AC-9490-D2CA21E10E3D}.Release|Any CPU.ActiveCfg = Release|Any CPU
		{B40F18B0-D15E-41AC-9490-D2CA21E10E3D}.Release|Any CPU.Build.0 = Release|Any CPU
		{D388FE12-7CF3-407F-9359-97EAE5FA8127}.Debug|Any CPU.ActiveCfg = Debug|Any CPU
		{D388FE12-7CF3-407F-9359-97EAE5FA8127}.Debug|Any CPU.Build.0 = Debug|Any CPU
		{D388FE12-7CF3-407F-9359-97EAE5FA8127}.Release|Any CPU.ActiveCfg = Release|Any CPU
		{D388FE12-7CF3-407F-9359-97EAE5FA8127}.Release|Any CPU.Build.0 = Release|Any CPU
		{A95E67B0-D0C8-447C-B41D-766F6508C4EE}.Debug|Any CPU.ActiveCfg = Debug|Any CPU
		{A95E67B0-D0C8-447C-B41D-766F6508C4EE}.Debug|Any CPU.Build.0 = Debug|Any CPU
		{A95E67B0-D0C8-447C-B41D-766F6508C4EE}.Release|Any CPU.ActiveCfg = Release|Any CPU
		{A95E67B0-D0C8-447C-B41D-766F6508C4EE}.Release|Any CPU.Build.0 = Release|Any CPU
	EndGlobalSection
	GlobalSection(SolutionProperties) = preSolution
		HideSolutionNode = FALSE
	EndGlobalSection
	GlobalSection(ExtensibilityGlobals) = postSolution
		SolutionGuid = {ECD2A178-58BC-4A82-9F8F-08FD2F084489}
	EndGlobalSection
EndGlobal
